
Microsoft Visual Studio Solution File, Format Version 12.00
# Visual Studio Version 17
VisualStudioVersion = 17.10.35004.147
MinimumVisualStudioVersion = 10.0.40219.1
Project("{FAE04EC0-301F-11D3-BF4B-00C04F79EFBC}") = "Counter", "Counter.csproj", "{2CBF717E-E2A8-4B7D-8F5F-C56AAFDD103B}"
EndProject
Global
	GlobalSection(SolutionConfigurationPlatforms) = preSolution
		Debug|Any CPU = Debug|Any CPU
		Release|Any CPU = Release|Any CPU
	EndGlobalSection
	GlobalSection(ProjectConfigurationPlatforms) = postSolution
		{2CBF717E-E2A8-4B7D-8F5F-C56AAFDD103B}.Debug|Any CPU.ActiveCfg = Debug|Any CPU
		{2CBF717E-E2A8-4B7D-8F5F-C56AAFDD103B}.Debug|Any CPU.Build.0 = Debug|Any CPU
		{2CBF717E-E2A8-4B7D-8F5F-C56AAFDD103B}.Release|Any CPU.ActiveCfg = Release|Any CPU
		{2CBF717E-E2A8-4B7D-8F5F-C56AAFDD103B}.Release|Any CPU.Build.0 = Release|Any CPU
	EndGlobalSection
	GlobalSection(SolutionProperties) = preSolution
		HideSolutionNode = FALSE
	EndGlobalSection
	GlobalSection(ExtensibilityGlobals) = postSolution
		SolutionGuid = {60F5DEB6-A2F3-45EA-805A-1C262D454D94}
	EndGlobalSection
EndGlobal
